{
  "name": "dummy-image",
  "version": "1.0.0",
  "lockfileVersion": 1,
  "requires": true,
  "dependencies": {
    "jpeg-js": {
      "version": "0.4.3",
      "resolved": "https://registry.npmjs.org/jpeg-js/-/jpeg-js-0.4.3.tgz",
      "integrity": "sha512-ru1HWKek8octvUHFHvE5ZzQ1yAsJmIvRdGWvSoKV52XKyuyYA437QWDttXT8eZXDSbuMpHlLzPDZUPd6idIz+Q=="
    },
    "js-image-generator": {
      "version": "1.0.3",
      "resolved": "https://registry.npmjs.org/js-image-generator/-/js-image-generator-1.0.3.tgz",
      "integrity": "sha512-fKTAa415UqRxnEHXk4lM2q37t5vqboUFiFC+o0sPjFCl+EydaE952wuF9etbLd8txuMzray7zpiGv+iyYfZ1aA==",
      "requires": {
        "jpeg-js": "^0.4.2"
      }
    }
  }
}
